// !$*UTF8*$!
{
	archiveVersion = 1;
	classes = {
	};
	objectVersion = 55;
	objects = {

/* Begin PBXBuildFile section */
		B164917A2817CA8A008B7602 /* art.scnassets in Resources */ = {isa = PBXBuildFile; fileRef = B16491792817CA8A008B7602 /* art.scnassets */; };
		B164917C2817D3B6008B7602 /* ViewController+Extension.swift in Sources */ = {isa = PBXBuildFile; fileRef = B164917B2817D3B5008B7602 /* ViewController+Extension.swift */; };
		B164917E28186CC0008B7602 /* Model.swift in Sources */ = {isa = PBXBuildFile; fileRef = B164917D28186CC0008B7602 /* Model.swift */; };
		B181559B28153E38004B9A7C /* AppDelegate.swift in Sources */ = {isa = PBXBuildFile; fileRef = B181559A28153E38004B9A7C /* AppDelegate.swift */; };
		B181559D28153E38004B9A7C /* SceneDelegate.swift in Sources */ = {isa = PBXBuildFile; fileRef = B181559C28153E38004B9A7C /* SceneDelegate.swift */; };
		B181559F28153E38004B9A7C /* ViewController.swift in Sources */ = {isa = PBXBuildFile; fileRef = B181559E28153E38004B9A7C /* ViewController.swift */; };
		B18155A228153E38004B9A7C /* Main.storyboard in Resources */ = {isa = PBXBuildFile; fileRef = B18155A028153E38004B9A7C /* Main.storyboard */; };
		B18155A428153E3A004B9A7C /* Assets.xcassets in Resources */ = {isa = PBXBuildFile; fileRef = B18155A328153E3A004B9A7C /* Assets.xcassets */; };
		B18155A728153E3A004B9A7C /* LaunchScreen.storyboard in Resources */ = {isa = PBXBuildFile; fileRef = B18155A528153E3A004B9A7C /* LaunchScreen.storyboard */; };
		B18155B228153E3A004B9A7C /* ARKitDemoTests.swift in Sources */ = {isa = PBXBuildFile; fileRef = B18155B128153E3A004B9A7C /* ARKitDemoTests.swift */; };
		B18155BC28153E3B004B9A7C /* ARKitDemoUITests.swift in Sources */ = {isa = PBXBuildFile; fileRef = B18155BB28153E3B004B9A7C /* ARKitDemoUITests.swift */; };
		B18155BE28153E3B004B9A7C /* ARKitDemoUITestsLaunchTests.swift in Sources */ = {isa = PBXBuildFile; fileRef = B18155BD28153E3B004B9A7C /* ARKitDemoUITestsLaunchTests.swift */; };
/* End PBXBuildFile section */

/* Begin PBXContainerItemProxy section */
		B18155AE28153E3A004B9A7C /* PBXContainerItemProxy */ = {
			isa = PBXContainerItemProxy;
			containerPortal = B181558F28153E38004B9A7C /* Project object */;
			proxyType = 1;
			remoteGlobalIDString = B181559628153E38004B9A7C;
			remoteInfo = ARKitDemo;
		};
		B18155B828153E3B004B9A7C /* PBXContainerItemProxy */ = {
			isa = PBXContainerItemProxy;
			containerPortal = B181558F28153E38004B9A7C /* Project object */;
			proxyType = 1;
			remoteGlobalIDString = B181559628153E38004B9A7C;
			remoteInfo = ARKitDemo;
		};
/* End PBXContainerItemProxy section */

/* Begin PBXFileReference section */
		B16491792817CA8A008B7602 /* art.scnassets */ = {isa = PBXFileReference; lastKnownFileType = wrapper.scnassets; path = art.scnassets; sourceTree = "<group>"; };
		B164917B2817D3B5008B7602 /* ViewController+Extension.swift */ = {isa = PBXFileReference; lastKnownFileType = sourcecode.swift; path = "ViewController+Extension.swift"; sourceTree = "<group>"; };
		B164917D28186CC0008B7602 /* Model.swift */ = {isa = PBXFileReference; lastKnownFileType = sourcecode.swift; path = Model.swift; sourceTree = "<group>"; };
		B181559728153E38004B9A7C /* ARKitDemo.app */ = {isa = PBXFileReference; explicitFileType = wrapper.application; includeInIndex = 0; path = ARKitDemo.app; sourceTree = BUILT_PRODUCTS_DIR; };
		B181559A28153E38004B9A7C /* AppDelegate.swift */ = {isa = PBXFileReference; lastKnownFileType = sourcecode.swift; path = AppDelegate.swift; sourceTree = "<group>"; };
		B181559C28153E38004B9A7C /* SceneDelegate.swift */ = {isa = PBXFileReference; lastKnownFileType = sourcecode.swift; path = SceneDelegate.swift; sourceTree = "<group>"; };
		B181559E28153E38004B9A7C /* ViewController.swift */ = {isa = PBXFileReference; lastKnownFileType = sourcecode.swift; path = ViewController.swift; sourceTree = "<group>"; };
		B18155A128153E38004B9A7C /* Base */ = {isa = PBXFileReference; lastKnownFileType = file.storyboard; name = Base; path = Base.lproj/Main.storyboard; sourceTree = "<group>"; };
		B18155A328153E3A004B9A7C /* Assets.xcassets */ = {isa = PBXFileReference; lastKnownFileType = folder.assetcatalog; path = Assets.xcassets; sourceTree = "<group>"; };
		B18155A628153E3A004B9A7C /* Base */ = {isa = PBXFileReference; lastKnownFileType = file.storyboard; name = Base; path = Base.lproj/LaunchScreen.storyboard; sourceTree = "<group>"; };
		B18155A828153E3A004B9A7C /* Info.plist */ = {isa = PBXFileReference; lastKnownFileType = text.plist.xml; path = Info.plist; sourceTree = "<group>"; };
		B18155AD28153E3A004B9A7C /* ARKitDemoTests.xctest */ = {isa = PBXFileReference; explicitFileType = wrapper.cfbundle; includeInIndex = 0; path = ARKitDemoTests.xctest; sourceTree = BUILT_PRODUCTS_DIR; };
		B18155B128153E3A004B9A7C /* ARKitDemoTests.swift */ = {isa = PBXFileReference; lastKnownFileType = sourcecode.swift; path = ARKitDemoTests.swift; sourceTree = "<group>"; };
		B18155B728153E3B004B9A7C /* ARKitDemoUITests.xctest */ = {isa = PBXFileReference; explicitFileType = wrapper.cfbundle; includeInIndex = 0; path = ARKitDemoUITests.xctest; sourceTree = BUILT_PRODUCTS_DIR; };
		B18155BB28153E3B004B9A7C /* ARKitDemoUITests.swift */ = {isa = PBXFileReference; lastKnownFileType = sourcecode.swift; path = ARKitDemoUITests.swift; sourceTree = "<group>"; };
		B18155BD28153E3B004B9A7C /* ARKitDemoUITestsLaunchTests.swift */ = {isa = PBXFileReference; lastKnownFileType = sourcecode.swift; path = ARKitDemoUITestsLaunchTests.swift; sourceTree = "<group>"; };
/* End PBXFileReference section */

/* Begin PBXFrameworksBuildPhase section */
		B181559428153E38004B9A7C /* Frameworks */ = {
			isa = PBXFrameworksBuildPhase;
			buildActionMask = 2147483647;
			files = (
			);
			runOnlyForDeploymentPostprocessing = 0;
		};
		B18155AA28153E3A004B9A7C /* Frameworks */ = {
			isa = PBXFrameworksBuildPhase;
			buildActionMask = 2147483647;
			files = (
			);
			runOnlyForDeploymentPostprocessing = 0;
		};
		B18155B428153E3B004B9A7C /* Frameworks */ = {
			isa = PBXFrameworksBuildPhase;
			buildActionMask = 2147483647;
			files = (
			);
			runOnlyForDeploymentPostprocessing = 0;
		};
/* End PBXFrameworksBuildPhase section */

/* Begin PBXGroup section */
		B181558E28153E38004B9A7C = {
			isa = PBXGroup;
			children = (
				B181559928153E38004B9A7C /* ARKitDemo */,
				B18155B028153E3A004B9A7C /* ARKitDemoTests */,
				B18155BA28153E3B004B9A7C /* ARKitDemoUITests */,
				B181559828153E38004B9A7C /* Products */,
			);
			sourceTree = "<group>";
		};
		B181559828153E38004B9A7C /* Products */ = {
			isa = PBXGroup;
			children = (
				B181559728153E38004B9A7C /* ARKitDemo.app */,
				B18155AD28153E3A004B9A7C /* ARKitDemoTests.xctest */,
				B18155B728153E3B004B9A7C /* ARKitDemoUITests.xctest */,
			);
			name = Products;
			sourceTree = "<group>";
		};
		B181559928153E38004B9A7C /* ARKitDemo */ = {
			isa = PBXGroup;
			children = (
				B164917D28186CC0008B7602 /* Model.swift */,
				B16491792817CA8A008B7602 /* art.scnassets */,
				B181559A28153E38004B9A7C /* AppDelegate.swift */,
				B181559C28153E38004B9A7C /* SceneDelegate.swift */,
				B181559E28153E38004B9A7C /* ViewController.swift */,
				B164917B2817D3B5008B7602 /* ViewController+Extension.swift */,
				B18155A028153E38004B9A7C /* Main.storyboard */,
				B18155A328153E3A004B9A7C /* Assets.xcassets */,
				B18155A528153E3A004B9A7C /* LaunchScreen.storyboard */,
				B18155A828153E3A004B9A7C /* Info.plist */,
			);
			path = ARKitDemo;
			sourceTree = "<group>";
		};
		B18155B028153E3A004B9A7C /* ARKitDemoTests */ = {
			isa = PBXGroup;
			children = (
				B18155B128153E3A004B9A7C /* ARKitDemoTests.swift */,
			);
			path = ARKitDemoTests;
			sourceTree = "<group>";
		};
		B18155BA28153E3B004B9A7C /* ARKitDemoUITests */ = {
			isa = PBXGroup;
			children = (
				B18155BB28153E3B004B9A7C /* ARKitDemoUITests.swift */,
				B18155BD28153E3B004B9A7C /* ARKitDemoUITestsLaunchTests.swift */,
			);
			path = ARKitDemoUITests;
			sourceTree = "<group>";
		};
/* End PBXGroup section */

/* Begin PBXNativeTarget section */
		B181559628153E38004B9A7C /* ARKitDemo */ = {
			isa = PBXNativeTarget;
			buildConfigurationList = B18155C128153E3B004B9A7C /* Build configuration list for PBXNativeTarget "ARKitDemo" */;
			buildPhases = (
				B181559328153E38004B9A7C /* Sources */,
				B181559428153E38004B9A7C /* Frameworks */,
				B181559528153E38004B9A7C /* Resources */,
			);
			buildRules = (
			);
			dependencies = (
			);
			name = ARKitDemo;
			productName = ARKitDemo;
			productReference = B181559728153E38004B9A7C /* ARKitDemo.app */;
			productType = "com.apple.product-type.application";
		};
		B18155AC28153E3A004B9A7C /* ARKitDemoTests */ = {
			isa = PBXNativeTarget;
			buildConfigurationList = B18155C428153E3B004B9A7C /* Build configuration list for PBXNativeTarget "ARKitDemoTests" */;
			buildPhases = (
				B18155A928153E3A004B9A7C /* Sources */,
				B18155AA28153E3A004B9A7C /* Frameworks */,
				B18155AB28153E3A004B9A7C /* Resources */,
			);
			buildRules = (
			);
			dependencies = (
				B18155AF28153E3A004B9A7C /* PBXTargetDependency */,
			);
			name = ARKitDemoTests;
			productName = ARKitDemoTests;
			productReference = B18155AD28153E3A004B9A7C /* ARKitDemoTests.xctest */;
			productType = "com.apple.product-type.bundle.unit-test";
		};
		B18155B628153E3B004B9A7C /* ARKitDemoUITests */ = {
			isa = PBXNativeTarget;
			buildConfigurationList = B18155C728153E3B004B9A7C /* Build configuration list for PBXNativeTarget "ARKitDemoUITests" */;
			buildPhases = (
				B18155B328153E3B004B9A7C /* Sources */,
				B18155B428153E3B004B9A7C /* Frameworks */,
				B18155B528153E3B004B9A7C /* Resources */,
			);
			buildRules = (
			);
			dependencies = (
				B18155B928153E3B004B9A7C /* PBXTargetDependency */,
			);
			name = ARKitDemoUITests;
			productName = ARKitDemoUITests;
			productReference = B18155B728153E3B004B9A7C /* ARKitDemoUITests.xctest */;
			productType = "com.apple.product-type.bundle.ui-testing";
		};
/* End PBXNativeTarget section */

/* Begin PBXProject section */
		B181558F28153E38004B9A7C /* Project object */ = {
			isa = PBXProject;
			attributes = {
				BuildIndependentTargetsInParallel = 1;
				LastSwiftUpdateCheck = 1330;
				LastUpgradeCheck = 1330;
				TargetAttributes = {
					B181559628153E38004B9A7C = {
						CreatedOnToolsVersion = 13.3;
					};
					B18155AC28153E3A004B9A7C = {
						CreatedOnToolsVersion = 13.3;
						TestTargetID = B181559628153E38004B9A7C;
					};
					B18155B628153E3B004B9A7C = {
						CreatedOnToolsVersion = 13.3;
						TestTargetID = B181559628153E38004B9A7C;
					};
				};
			};
			buildConfigurationList = B181559228153E38004B9A7C /* Build configuration list for PBXProject "ARKitDemo" */;
			compatibilityVersion = "Xcode 13.0";
			developmentRegion = en;
			hasScannedForEncodings = 0;
			knownRegions = (
				en,
				Base,
			);
			mainGroup = B181558E28153E38004B9A7C;
			productRefGroup = B181559828153E38004B9A7C /* Products */;
			projectDirPath = "";
			projectRoot = "";
			targets = (
				B181559628153E38004B9A7C /* ARKitDemo */,
				B18155AC28153E3A004B9A7C /* ARKitDemoTests */,
				B18155B628153E3B004B9A7C /* ARKitDemoUITests */,
			);
		};
/* End PBXProject section */

/* Begin PBXResourcesBuildPhase section */
		B181559528153E38004B9A7C /* Resources */ = {
			isa = PBXResourcesBuildPhase;
			buildActionMask = 2147483647;
			files = (
				B18155A728153E3A004B9A7C /* LaunchScreen.storyboard in Resources */,
				B164917A2817CA8A008B7602 /* art.scnassets in Resources */,
				B18155A428153E3A004B9A7C /* Assets.xcassets in Resources */,
				B18155A228153E38004B9A7C /* Main.storyboard in Resources */,
			);
			runOnlyForDeploymentPostprocessing = 0;
		};
		B18155AB28153E3A004B9A7C /* Resources */ = {
			isa = PBXResourcesBuildPhase;
			buildActionMask = 2147483647;
			files = (
			);
			runOnlyForDeploymentPostprocessing = 0;
		};
		B18155B528153E3B004B9A7C /* Resources */ = {
			isa = PBXResourcesBuildPhase;
			buildActionMask = 2147483647;
			files = (
			);
			runOnlyForDeploymentPostprocessing = 0;
		};
/* End PBXResourcesBuildPhase section */

/* Begin PBXSourcesBuildPhase section */
		B181559328153E38004B9A7C /* Sources */ = {
			isa = PBXSourcesBuildPhase;
			buildActionMask = 2147483647;
			files = (
				B164917E28186CC0008B7602 /* Model.swift in Sources */,
				B164917C2817D3B6008B7602 /* ViewController+Extension.swift in Sources */,
				B181559F28153E38004B9A7C /* ViewController.swift in Sources */,
				B181559B28153E38004B9A7C /* AppDelegate.swift in Sources */,
				B181559D28153E38004B9A7C /* SceneDelegate.swift in Sources */,
			);
			runOnlyForDeploymentPostprocessing = 0;
		};
		B18155A928153E3A004B9A7C /* Sources */ = {
			isa = PBXSourcesBuildPhase;
			buildActionMask = 2147483647;
			files = (
				B18155B228153E3A004B9A7C /* ARKitDemoTests.swift in Sources */,
			);
			runOnlyForDeploymentPostprocessing = 0;
		};
		B18155B328153E3B004B9A7C /* Sources */ = {
			isa = PBXSourcesBuildPhase;
			buildActionMask = 2147483647;
			files = (
				B18155BC28153E3B004B9A7C /* ARKitDemoUITests.swift in Sources */,
				B18155BE28153E3B004B9A7C /* ARKitDemoUITestsLaunchTests.swift in Sources */,
			);
			runOnlyForDeploymentPostprocessing = 0;
		};
/* End PBXSourcesBuildPhase section */

/* Begin PBXTargetDependency section */
		B18155AF28153E3A004B9A7C /* PBXTargetDependency */ = {
			isa = PBXTargetDependency;
			target = B181559628153E38004B9A7C /* ARKitDemo */;
			targetProxy = B18155AE28153E3A004B9A7C /* PBXContainerItemProxy */;
		};
		B18155B928153E3B004B9A7C /* PBXTargetDependency */ = {
			isa = PBXTargetDependency;
			target = B181559628153E38004B9A7C /* ARKitDemo */;
			targetProxy = B18155B828153E3B004B9A7C /* PBXContainerItemProxy */;
		};
/* End PBXTargetDependency section */

/* Begin PBXVariantGroup section */
		B18155A028153E38004B9A7C /* Main.storyboard */ = {
			isa = PBXVariantGroup;
			children = (
				B18155A128153E38004B9A7C /* Base */,
			);
			name = Main.storyboard;
			sourceTree = "<group>";
		};
		B18155A528153E3A004B9A7C /* LaunchScreen.storyboard */ = {
			isa = PBXVariantGroup;
			children = (
				B18155A628153E3A004B9A7C /* Base */,
			);
			name = LaunchScreen.storyboard;
			sourceTree = "<group>";
		};
/* End PBXVariantGroup section */

/* Begin XCBuildConfiguration section */
		B18155BF28153E3B004B9A7C /* Debug */ = {
			isa = XCBuildConfiguration;
			buildSettings = {
				ALWAYS_SEARCH_USER_PATHS = NO;
				CLANG_ANALYZER_NONNULL = YES;
				CLANG_ANALYZER_NUMBER_OBJECT_CONVERSION = YES_AGGRESSIVE;
				CLANG_CXX_LANGUAGE_STANDARD = "gnu++17";
				CLANG_ENABLE_MODULES = YES;
				CLANG_ENABLE_OBJC_ARC = YES;
				CLANG_ENABLE_OBJC_WEAK = YES;
				CLANG_WARN_BLOCK_CAPTURE_AUTORELEASING = YES;
				CLANG_WARN_BOOL_CONVERSION = YES;
				CLANG_WARN_COMMA = YES;
				CLANG_WARN_CONSTANT_CONVERSION = YES;
				CLANG_WARN_DEPRECATED_OBJC_IMPLEMENTATIONS = YES;
				CLANG_WARN_DIRECT_OBJC_ISA_USAGE = YES_ERROR;
				CLANG_WARN_DOCUMENTATION_COMMENTS = YES;
				CLANG_WARN_EMPTY_BODY = YES;
				CLANG_WARN_ENUM_CONVERSION = YES;
				CLANG_WARN_INFINITE_RECURSION = YES;
				CLANG_WARN_INT_CONVERSION = YES;
				CLANG_WARN_NON_LITERAL_NULL_CONVERSION = YES;
				CLANG_WARN_OBJC_IMPLICIT_RETAIN_SELF = YES;
				CLANG_WARN_OBJC_LITERAL_CONVERSION = YES;
				CLANG_WARN_OBJC_ROOT_CLASS = YES_ERROR;
				CLANG_WARN_QUOTED_INCLUDE_IN_FRAMEWORK_HEADER = YES;
				CLANG_WARN_RANGE_LOOP_ANALYSIS = YES;
				CLANG_WARN_STRICT_PROTOTYPES = YES;
				CLANG_WARN_SUSPICIOUS_MOVE = YES;
				CLANG_WARN_UNGUARDED_AVAILABILITY = YES_AGGRESSIVE;
				CLANG_WARN_UNREACHABLE_CODE = YES;
				CLANG_WARN__DUPLICATE_METHOD_MATCH = YES;
				COPY_PHASE_STRIP = NO;
				DEBUG_INFORMATION_FORMAT = dwarf;
				ENABLE_STRICT_OBJC_MSGSEND = YES;
				ENABLE_TESTABILITY = YES;
				GCC_C_LANGUAGE_STANDARD = gnu11;
				GCC_DYNAMIC_NO_PIC = NO;
				GCC_NO_COMMON_BLOCKS = YES;
				GCC_OPTIMIZATION_LEVEL = 0;
				GCC_PREPROCESSOR_DEFINITIONS = (
					"DEBUG=1",
					"$(inherited)",
				);
				GCC_WARN_64_TO_32_BIT_CONVERSION = YES;
				GCC_WARN_ABOUT_RETURN_TYPE = YES_ERROR;
				GCC_WARN_UNDECLARED_SELECTOR = YES;
				GCC_WARN_UNINITIALIZED_AUTOS = YES_AGGRESSIVE;
				GCC_WARN_UNUSED_FUNCTION = YES;
				GCC_WARN_UNUSED_VARIABLE = YES;
				IPHONEOS_DEPLOYMENT_TARGET = 15.4;
				MTL_ENABLE_DEBUG_INFO = INCLUDE_SOURCE;
				MTL_FAST_MATH = YES;
				ONLY_ACTIVE_ARCH = YES;
				SDKROOT = iphoneos;
				SWIFT_ACTIVE_COMPILATION_CONDITIONS = DEBUG;
				SWIFT_OPTIMIZATION_LEVEL = "-Onone";
			};
			name = Debug;
		};
		B18155C028153E3B004B9A7C /* Release */ = {
			isa = XCBuildConfiguration;
			buildSettings = {
				ALWAYS_SEARCH_USER_PATHS = NO;
				CLANG_ANALYZER_NONNULL = YES;
				CLANG_ANALYZER_NUMBER_OBJECT_CONVERSION = YES_AGGRESSIVE;
				CLANG_CXX_LANGUAGE_STANDARD = "gnu++17";
				CLANG_ENABLE_MODULES = YES;
				CLANG_ENABLE_OBJC_ARC = YES;
				CLANG_ENABLE_OBJC_WEAK = YES;
				CLANG_WARN_BLOCK_CAPTURE_AUTORELEASING = YES;
				CLANG_WARN_BOOL_CONVERSION = YES;
				CLANG_WARN_COMMA = YES;
				CLANG_WARN_CONSTANT_CONVERSION = YES;
				CLANG_WARN_DEPRECATED_OBJC_IMPLEMENTATIONS = YES;
				CLANG_WARN_DIRECT_OBJC_ISA_USAGE = YES_ERROR;
				CLANG_WARN_DOCUMENTATION_COMMENTS = YES;
				CLANG_WARN_EMPTY_BODY = YES;
				CLANG_WARN_ENUM_CONVERSION = YES;
				CLANG_WARN_INFINITE_RECURSION = YES;
				CLANG_WARN_INT_CONVERSION = YES;
				CLANG_WARN_NON_LITERAL_NULL_CONVERSION = YES;
				CLANG_WARN_OBJC_IMPLICIT_RETAIN_SELF = YES;
				CLANG_WARN_OBJC_LITERAL_CONVERSION = YES;
				CLANG_WARN_OBJC_ROOT_CLASS = YES_ERROR;
				CLANG_WARN_QUOTED_INCLUDE_IN_FRAMEWORK_HEADER = YES;
				CLANG_WARN_RANGE_LOOP_ANALYSIS = YES;
				CLANG_WARN_STRICT_PROTOTYPES = YES;
				CLANG_WARN_SUSPICIOUS_MOVE = YES;
				CLANG_WARN_UNGUARDED_AVAILABILITY = YES_AGGRESSIVE;
				CLANG_WARN_UNREACHABLE_CODE = YES;
				CLANG_WARN__DUPLICATE_METHOD_MATCH = YES;
				COPY_PHASE_STRIP = NO;
				DEBUG_INFORMATION_FORMAT = "dwarf-with-dsym";
				ENABLE_NS_ASSERTIONS = NO;
				ENABLE_STRICT_OBJC_MSGSEND = YES;
				GCC_C_LANGUAGE_STANDARD = gnu11;
				GCC_NO_COMMON_BLOCKS = YES;
				GCC_WARN_64_TO_32_BIT_CONVERSION = YES;
				GCC_WARN_ABOUT_RETURN_TYPE = YES_ERROR;
				GCC_WARN_UNDECLARED_SELECTOR = YES;
				GCC_WARN_UNINITIALIZED_AUTOS = YES_AGGRESSIVE;
				GCC_WARN_UNUSED_FUNCTION = YES;
				GCC_WARN_UNUSED_VARIABLE = YES;
				IPHONEOS_DEPLOYMENT_TARGET = 15.4;
				MTL_ENABLE_DEBUG_INFO = NO;
				MTL_FAST_MATH = YES;
				SDKROOT = iphoneos;
				SWIFT_COMPILATION_MODE = wholemodule;
				SWIFT_OPTIMIZATION_LEVEL = "-O";
				VALIDATE_PRODUCT = YES;
			};
			name = Release;
		};
		B18155C228153E3B004B9A7C /* Debug */ = {
			isa = XCBuildConfiguration;
			buildSettings = {
				ASSETCATALOG_COMPILER_APPICON_NAME = AppIcon;
				ASSETCATALOG_COMPILER_GLOBAL_ACCENT_COLOR_NAME = AccentColor;
				CODE_SIGN_STYLE = Automatic;
				CURRENT_PROJECT_VERSION = 1;
				DEVELOPMENT_TEAM = 8L589BGVFH;
				GENERATE_INFOPLIST_FILE = YES;
				INFOPLIST_FILE = ARKitDemo/Info.plist;
				INFOPLIST_KEY_UIApplicationSupportsIndirectInputEvents = YES;
				INFOPLIST_KEY_UILaunchStoryboardName = LaunchScreen;
				INFOPLIST_KEY_UIMainStoryboardFile = Main;
				INFOPLIST_KEY_UISupportedInterfaceOrientations_iPad = "UIInterfaceOrientationPortrait UIInterfaceOrientationPortraitUpsideDown UIInterfaceOrientationLandscapeLeft UIInterfaceOrientationLandscapeRight";
				INFOPLIST_KEY_UISupportedInterfaceOrientations_iPhone = "UIInterfaceOrientationPortrait UIInterfaceOrientationLandscapeLeft UIInterfaceOrientationLandscapeRight";
				IPHONEOS_DEPLOYMENT_TARGET = 13.0;
				LD_RUNPATH_SEARCH_PATHS = (
					"$(inherited)",
					"@executable_path/Frameworks",
				);
				MARKETING_VERSION = 1.0;
				PRODUCT_BUNDLE_IDENTIFIER = com.softfoundry.ARKitDemo;
				PRODUCT_NAME = "$(TARGET_NAME)";
				SWIFT_EMIT_LOC_STRINGS = YES;
				SWIFT_VERSION = 5.0;
				TARGETED_DEVICE_FAMILY = "1,2";
			};
			name = Debug;
		};
		B18155C328153E3B004B9A7C /* Release */ = {
			isa = XCBuildConfiguration;
			buildSettings = {
				ASSETCATALOG_COMPILER_APPICON_NAME = AppIcon;
				ASSETCATALOG_COMPILER_GLOBAL_ACCENT_COLOR_NAME = AccentColor;
				CODE_SIGN_STYLE = Automatic;
				CURRENT_PROJECT_VERSION = 1;
				DEVELOPMENT_TEAM = 8L589BGVFH;
				GENERATE_INFOPLIST_FILE = YES;
				INFOPLIST_FILE = ARKitDemo/Info.plist;
				INFOPLIST_KEY_UIApplicationSupportsIndirectInputEvents = YES;
				INFOPLIST_KEY_UILaunchStoryboardName = LaunchScreen;
				INFOPLIST_KEY_UIMainStoryboardFile = Main;
				INFOPLIST_KEY_UISupportedInterfaceOrientations_iPad = "UIInterfaceOrientationPortrait UIInterfaceOrientationPortraitUpsideDown UIInterfaceOrientationLandscapeLeft UIInterfaceOrientationLandscapeRight";
				INFOPLIST_KEY_UISupportedInterfaceOrientations_iPhone = "UIInterfaceOrientationPortrait UIInterfaceOrientationLandscapeLeft UIInterfaceOrientationLandscapeRight";
				IPHONEOS_DEPLOYMENT_TARGET = 13.0;
				LD_RUNPATH_SEARCH_PATHS = (
					"$(inherited)",
					"@executable_path/Frameworks",
				);
				MARKETING_VERSION = 1.0;
				PRODUCT_BUNDLE_IDENTIFIER = com.softfoundry.ARKitDemo;
				PRODUCT_NAME = "$(TARGET_NAME)";
				SWIFT_EMIT_LOC_STRINGS = YES;
				SWIFT_VERSION = 5.0;
				TARGETED_DEVICE_FAMILY = "1,2";
			};
			name = Release;
		};
		B18155C528153E3B004B9A7C /* Debug */ = {
			isa = XCBuildConfiguration;
			buildSettings = {
				ALWAYS_EMBED_SWIFT_STANDARD_LIBRARIES = YES;
				BUNDLE_LOADER = "$(TEST_HOST)";
				CODE_SIGN_STYLE = Automatic;
				CURRENT_PROJECT_VERSION = 1;
				DEVELOPMENT_TEAM = 8L589BGVFH;
				GENERATE_INFOPLIST_FILE = YES;
				IPHONEOS_DEPLOYMENT_TARGET = 15.4;
				MARKETING_VERSION = 1.0;
				PRODUCT_BUNDLE_IDENTIFIER = com.softfoundry.ARKitDemoTests;
				PRODUCT_NAME = "$(TARGET_NAME)";
				SWIFT_EMIT_LOC_STRINGS = NO;
				SWIFT_VERSION = 5.0;
				TARGETED_DEVICE_FAMILY = "1,2";
				TEST_HOST = "$(BUILT_PRODUCTS_DIR)/ARKitDemo.app/ARKitDemo";
			};
			name = Debug;
		};
		B18155C628153E3B004B9A7C /* Release */ = {
			isa = XCBuildConfiguration;
			buildSettings = {
				ALWAYS_EMBED_SWIFT_STANDARD_LIBRARIES = YES;
				BUNDLE_LOADER = "$(TEST_HOST)";
				CODE_SIGN_STYLE = Automatic;
				CURRENT_PROJECT_VERSION = 1;
				DEVELOPMENT_TEAM = 8L589BGVFH;
				GENERATE_INFOPLIST_FILE = YES;
				IPHONEOS_DEPLOYMENT_TARGET = 15.4;
				MARKETING_VERSION = 1.0;
				PRODUCT_BUNDLE_IDENTIFIER = com.softfoundry.ARKitDemoTests;
				PRODUCT_NAME = "$(TARGET_NAME)";
				SWIFT_EMIT_LOC_STRINGS = NO;
				SWIFT_VERSION = 5.0;
				TARGETED_DEVICE_FAMILY = "1,2";
				TEST_HOST = "$(BUILT_PRODUCTS_DIR)/ARKitDemo.app/ARKitDemo";
			};
			name = Release;
		};
		B18155C828153E3B004B9A7C /* Debug */ = {
			isa = XCBuildConfiguration;
			buildSettings = {
				ALWAYS_EMBED_SWIFT_STANDARD_LIBRARIES = YES;
				CODE_SIGN_STYLE = Automatic;
				CURRENT_PROJECT_VERSION = 1;
				DEVELOPMENT_TEAM = 8L589BGVFH;
				GENERATE_INFOPLIST_FILE = YES;
				MARKETING_VERSION = 1.0;
				PRODUCT_BUNDLE_IDENTIFIER = com.softfoundry.ARKitDemoUITests;
				PRODUCT_NAME = "$(TARGET_NAME)";
				SWIFT_EMIT_LOC_STRINGS = NO;
				SWIFT_VERSION = 5.0;
				TARGETED_DEVICE_FAMILY = "1,2";
				TEST_TARGET_NAME = ARKitDemo;
			};
			name = Debug;
		};
		B18155C928153E3B004B9A7C /* Release */ = {
			isa = XCBuildConfiguration;
			buildSettings = {
				ALWAYS_EMBED_SWIFT_STANDARD_LIBRARIES = YES;
				CODE_SIGN_STYLE = Automatic;
				CURRENT_PROJECT_VERSION = 1;
				DEVELOPMENT_TEAM = 8L589BGVFH;
				GENERATE_INFOPLIST_FILE = YES;
				MARKETING_VERSION = 1.0;
				PRODUCT_BUNDLE_IDENTIFIER = com.softfoundry.ARKitDemoUITests;
				PRODUCT_NAME = "$(TARGET_NAME)";
				SWIFT_EMIT_LOC_STRINGS = NO;
				SWIFT_VERSION = 5.0;
				TARGETED_DEVICE_FAMILY = "1,2";
				TEST_TARGET_NAME = ARKitDemo;
			};
			name = Release;
		};
/* End XCBuildConfiguration section */

/* Begin XCConfigurationList section */
		B181559228153E38004B9A7C /* Build configuration list for PBXProject "ARKitDemo" */ = {
			isa = XCConfigurationList;
			buildConfigurations = (
				B18155BF28153E3B004B9A7C /* Debug */,
				B18155C028153E3B004B9A7C /* Release */,
			);
			defaultConfigurationIsVisible = 0;
			defaultConfigurationName = Release;
		};
		B18155C128153E3B004B9A7C /* Build configuration list for PBXNativeTarget "ARKitDemo" */ = {
			isa = XCConfigurationList;
			buildConfigurations = (
				B18155C228153E3B004B9A7C /* Debug */,
				B18155C328153E3B004B9A7C /* Release */,
			);
			defaultConfigurationIsVisible = 0;
			defaultConfigurationName = Release;
		};
		B18155C428153E3B004B9A7C /* Build configuration list for PBXNativeTarget "ARKitDemoTests" */ = {
			isa = XCConfigurationList;
			buildConfigurations = (
				B18155C528153E3B004B9A7C /* Debug */,
				B18155C628153E3B004B9A7C /* Release */,
			);
			defaultConfigurationIsVisible = 0;
			defaultConfigurationName = Release;
		};
		B18155C728153E3B004B9A7C /* Build configuration list for PBXNativeTarget "ARKitDemoUITests" */ = {
			isa = XCConfigurationList;
			buildConfigurations = (
				B18155C828153E3B004B9A7C /* Debug */,
				B18155C928153E3B004B9A7C /* Release */,
			);
			defaultConfigurationIsVisible = 0;
			defaultConfigurationName = Release;
		};
/* End XCConfigurationList section */
	};
	rootObject = B181558F28153E38004B9A7C /* Project object */;
}
